// !$*UTF8*$!
{
	archiveVersion = 1;
	classes = {
	};
	objectVersion = 56;
	objects = {

/* Begin PBXBuildFile section */
		9249FB8A298DFCFF008B8A10 /* TextBindingManager.swift in Sources */ = {isa = PBXBuildFile; fileRef = 9249FB89298DFCFF008B8A10 /* TextBindingManager.swift */; };
		9249FB8C298EE8BF008B8A10 /* ExerciseListDropDownView.swift in Sources */ = {isa = PBXBuildFile; fileRef = 9249FB8B298EE8BF008B8A10 /* ExerciseListDropDownView.swift */; };
		9249FB90298EFD31008B8A10 /* ExercisesViewModel.swift in Sources */ = {isa = PBXBuildFile; fileRef = 9249FB8F298EFD31008B8A10 /* ExercisesViewModel.swift */; };
		9249FB92298EFF17008B8A10 /* ExerciseDropDownViewModel.swift in Sources */ = {isa = PBXBuildFile; fileRef = 9249FB91298EFF17008B8A10 /* ExerciseDropDownViewModel.swift */; };
		924F7B79297DE97E0041E641 /* WorkoutView.swift in Sources */ = {isa = PBXBuildFile; fileRef = 924F7B78297DE97E0041E641 /* WorkoutView.swift */; };
		924F7B7B297DFA230041E641 /* ExercisesView.swift in Sources */ = {isa = PBXBuildFile; fileRef = 924F7B7A297DFA230041E641 /* ExercisesView.swift */; };
		924F7B7F2983681A0041E641 /* databases in Resources */ = {isa = PBXBuildFile; fileRef = 924F7B7E2983681A0041E641 /* databases */; };
		924F7B812983684D0041E641 /* DbManager.swift in Sources */ = {isa = PBXBuildFile; fileRef = 924F7B802983684D0041E641 /* DbManager.swift */; };
		924F7B832983726D0041E641 /* WorkoutsViewModel.swift in Sources */ = {isa = PBXBuildFile; fileRef = 924F7B822983726D0041E641 /* WorkoutsViewModel.swift */; };
		92B73F352978D50D004DDCE4 /* WorkoutTracker_v2App.swift in Sources */ = {isa = PBXBuildFile; fileRef = 92B73F342978D50D004DDCE4 /* WorkoutTracker_v2App.swift */; };
		92B73F372978D50D004DDCE4 /* WorkoutTrackerTabView.swift in Sources */ = {isa = PBXBuildFile; fileRef = 92B73F362978D50D004DDCE4 /* WorkoutTrackerTabView.swift */; };
		92B73F392978D510004DDCE4 /* Assets.xcassets in Resources */ = {isa = PBXBuildFile; fileRef = 92B73F382978D510004DDCE4 /* Assets.xcassets */; };
		92B73F3C2978D510004DDCE4 /* Preview Assets.xcassets in Resources */ = {isa = PBXBuildFile; fileRef = 92B73F3B2978D510004DDCE4 /* Preview Assets.xcassets */; };
		92B73F432978D585004DDCE4 /* WorkoutsView.swift in Sources */ = {isa = PBXBuildFile; fileRef = 92B73F422978D585004DDCE4 /* WorkoutsView.swift */; };
		92B73F452978DE9C004DDCE4 /* XDismissButton.swift in Sources */ = {isa = PBXBuildFile; fileRef = 92B73F442978DE9C004DDCE4 /* XDismissButton.swift */; };
		92CEF2E42999550B00ED5DBA /* Color+Ext.swift in Sources */ = {isa = PBXBuildFile; fileRef = 92CEF2E32999550B00ED5DBA /* Color+Ext.swift */; };
/* End PBXBuildFile section */

/* Begin PBXFileReference section */
		9249FB89298DFCFF008B8A10 /* TextBindingManager.swift */ = {isa = PBXFileReference; lastKnownFileType = sourcecode.swift; path = TextBindingManager.swift; sourceTree = "<group>"; };
		9249FB8B298EE8BF008B8A10 /* ExerciseListDropDownView.swift */ = {isa = PBXFileReference; lastKnownFileType = sourcecode.swift; path = ExerciseListDropDownView.swift; sourceTree = "<group>"; };
		9249FB8F298EFD31008B8A10 /* ExercisesViewModel.swift */ = {isa = PBXFileReference; lastKnownFileType = sourcecode.swift; path = ExercisesViewModel.swift; sourceTree = "<group>"; };
		9249FB91298EFF17008B8A10 /* ExerciseDropDownViewModel.swift */ = {isa = PBXFileReference; lastKnownFileType = sourcecode.swift; path = ExerciseDropDownViewModel.swift; sourceTree = "<group>"; };
		924F7B78297DE97E0041E641 /* WorkoutView.swift */ = {isa = PBXFileReference; lastKnownFileType = sourcecode.swift; path = WorkoutView.swift; sourceTree = "<group>"; };
		924F7B7A297DFA230041E641 /* ExercisesView.swift */ = {isa = PBXFileReference; lastKnownFileType = sourcecode.swift; path = ExercisesView.swift; sourceTree = "<group>"; };
		924F7B7E2983681A0041E641 /* databases */ = {isa = PBXFileReference; lastKnownFileType = folder; path = databases; sourceTree = "<group>"; };
		924F7B802983684D0041E641 /* DbManager.swift */ = {isa = PBXFileReference; lastKnownFileType = sourcecode.swift; path = DbManager.swift; sourceTree = "<group>"; };
		924F7B822983726D0041E641 /* WorkoutsViewModel.swift */ = {isa = PBXFileReference; lastKnownFileType = sourcecode.swift; path = WorkoutsViewModel.swift; sourceTree = "<group>"; };
		92B73F312978D50D004DDCE4 /* WorkoutTracker_v2.app */ = {isa = PBXFileReference; explicitFileType = wrapper.application; includeInIndex = 0; path = WorkoutTracker_v2.app; sourceTree = BUILT_PRODUCTS_DIR; };
		92B73F342978D50D004DDCE4 /* WorkoutTracker_v2App.swift */ = {isa = PBXFileReference; lastKnownFileType = sourcecode.swift; path = WorkoutTracker_v2App.swift; sourceTree = "<group>"; };
		92B73F362978D50D004DDCE4 /* WorkoutTrackerTabView.swift */ = {isa = PBXFileReference; lastKnownFileType = sourcecode.swift; path = WorkoutTrackerTabView.swift; sourceTree = "<group>"; };
		92B73F382978D510004DDCE4 /* Assets.xcassets */ = {isa = PBXFileReference; lastKnownFileType = folder.assetcatalog; path = Assets.xcassets; sourceTree = "<group>"; };
		92B73F3B2978D510004DDCE4 /* Preview Assets.xcassets */ = {isa = PBXFileReference; lastKnownFileType = folder.assetcatalog; path = "Preview Assets.xcassets"; sourceTree = "<group>"; };
		92B73F422978D585004DDCE4 /* WorkoutsView.swift */ = {isa = PBXFileReference; lastKnownFileType = sourcecode.swift; path = WorkoutsView.swift; sourceTree = "<group>"; };
		92B73F442978DE9C004DDCE4 /* XDismissButton.swift */ = {isa = PBXFileReference; lastKnownFileType = sourcecode.swift; path = XDismissButton.swift; sourceTree = "<group>"; };
		92CEF2E32999550B00ED5DBA /* Color+Ext.swift */ = {isa = PBXFileReference; lastKnownFileType = sourcecode.swift; path = "Color+Ext.swift"; sourceTree = "<group>"; };
/* End PBXFileReference section */

/* Begin PBXFrameworksBuildPhase section */
		92B73F2E2978D50D004DDCE4 /* Frameworks */ = {
			isa = PBXFrameworksBuildPhase;
			buildActionMask = 2147483647;
			files = (
			);
			runOnlyForDeploymentPostprocessing = 0;
		};
/* End PBXFrameworksBuildPhase section */

/* Begin PBXGroup section */
		92B73F282978D50D004DDCE4 = {
			isa = PBXGroup;
			children = (
				92B73F332978D50D004DDCE4 /* WorkoutTracker_v2 */,
				92B73F322978D50D004DDCE4 /* Products */,
			);
			sourceTree = "<group>";
		};
		92B73F322978D50D004DDCE4 /* Products */ = {
			isa = PBXGroup;
			children = (
				92B73F312978D50D004DDCE4 /* WorkoutTracker_v2.app */,
			);
			name = Products;
			sourceTree = "<group>";
		};
		92B73F332978D50D004DDCE4 /* WorkoutTracker_v2 */ = {
			isa = PBXGroup;
			children = (
				92CEF2EA299976F000ED5DBA /* Utilities */,
				92CEF2E62999766A00ED5DBA /* Screens */,
				92CEF2E52999765300ED5DBA /* Views */,
				92B73F342978D50D004DDCE4 /* WorkoutTracker_v2App.swift */,
				924F7B7E2983681A0041E641 /* databases */,
				92B73F382978D510004DDCE4 /* Assets.xcassets */,
				92B73F3A2978D510004DDCE4 /* Preview Content */,
			);
			path = WorkoutTracker_v2;
			sourceTree = "<group>";
		};
		92B73F3A2978D510004DDCE4 /* Preview Content */ = {
			isa = PBXGroup;
			children = (
				92B73F3B2978D510004DDCE4 /* Preview Assets.xcassets */,
			);
			path = "Preview Content";
			sourceTree = "<group>";
		};
		92CEF2E52999765300ED5DBA /* Views */ = {
			isa = PBXGroup;
			children = (
				92CEF2EC2999772400ED5DBA /* Buttons */,
			);
			path = Views;
			sourceTree = "<group>";
		};
		92CEF2E62999766A00ED5DBA /* Screens */ = {
			isa = PBXGroup;
			children = (
				92B73F362978D50D004DDCE4 /* WorkoutTrackerTabView.swift */,
				92CEF2E9299976C800ED5DBA /* ExerciseListDropDownView */,
				92CEF2E82999769500ED5DBA /* ExercisesView */,
				92CEF2E72999767F00ED5DBA /* WorkoutsView */,
			);
			path = Screens;
			sourceTree = "<group>";
		};
		92CEF2E72999767F00ED5DBA /* WorkoutsView */ = {
			isa = PBXGroup;
			children = (
				924F7B78297DE97E0041E641 /* WorkoutView.swift */,
				92B73F422978D585004DDCE4 /* WorkoutsView.swift */,
				924F7B822983726D0041E641 /* WorkoutsViewModel.swift */,
			);
			path = WorkoutsView;
			sourceTree = "<group>";
		};
		92CEF2E82999769500ED5DBA /* ExercisesView */ = {
			isa = PBXGroup;
			children = (
				924F7B7A297DFA230041E641 /* ExercisesView.swift */,
				9249FB8F298EFD31008B8A10 /* ExercisesViewModel.swift */,
			);
			path = ExercisesView;
			sourceTree = "<group>";
		};
		92CEF2E9299976C800ED5DBA /* ExerciseListDropDownView */ = {
			isa = PBXGroup;
			children = (
				9249FB8B298EE8BF008B8A10 /* ExerciseListDropDownView.swift */,
				9249FB91298EFF17008B8A10 /* ExerciseDropDownViewModel.swift */,
			);
			path = ExerciseListDropDownView;
			sourceTree = "<group>";
		};
		92CEF2EA299976F000ED5DBA /* Utilities */ = {
			isa = PBXGroup;
			children = (
				924F7B802983684D0041E641 /* DbManager.swift */,
				9249FB89298DFCFF008B8A10 /* TextBindingManager.swift */,
				92CEF2EB299976F900ED5DBA /* Extensions */,
			);
			path = Utilities;
			sourceTree = "<group>";
		};
		92CEF2EB299976F900ED5DBA /* Extensions */ = {
			isa = PBXGroup;
			children = (
				92CEF2E32999550B00ED5DBA /* Color+Ext.swift */,
			);
			path = Extensions;
			sourceTree = "<group>";
		};
		92CEF2EC2999772400ED5DBA /* Buttons */ = {
			isa = PBXGroup;
			children = (
				92B73F442978DE9C004DDCE4 /* XDismissButton.swift */,
			);
			path = Buttons;
			sourceTree = "<group>";
		};
/* End PBXGroup section */

/* Begin PBXNativeTarget section */
		92B73F302978D50D004DDCE4 /* WorkoutTracker_v2 */ = {
			isa = PBXNativeTarget;
			buildConfigurationList = 92B73F3F2978D510004DDCE4 /* Build configuration list for PBXNativeTarget "WorkoutTracker_v2" */;
			buildPhases = (
				92B73F2D2978D50D004DDCE4 /* Sources */,
				92B73F2E2978D50D004DDCE4 /* Frameworks */,
				92B73F2F2978D50D004DDCE4 /* Resources */,
			);
			buildRules = (
			);
			dependencies = (
			);
			name = WorkoutTracker_v2;
			productName = WorkoutTracker_v2;
			productReference = 92B73F312978D50D004DDCE4 /* WorkoutTracker_v2.app */;
			productType = "com.apple.product-type.application";
		};
/* End PBXNativeTarget section */

/* Begin PBXProject section */
		92B73F292978D50D004DDCE4 /* Project object */ = {
			isa = PBXProject;
			attributes = {
				BuildIndependentTargetsInParallel = 1;
				LastSwiftUpdateCheck = 1410;
				LastUpgradeCheck = 1410;
				TargetAttributes = {
					92B73F302978D50D004DDCE4 = {
						CreatedOnToolsVersion = 14.1;
					};
				};
			};
			buildConfigurationList = 92B73F2C2978D50D004DDCE4 /* Build configuration list for PBXProject "WorkoutTracker_v2" */;
			compatibilityVersion = "Xcode 14.0";
			developmentRegion = en;
			hasScannedForEncodings = 0;
			knownRegions = (
				en,
				Base,
			);
			mainGroup = 92B73F282978D50D004DDCE4;
			productRefGroup = 92B73F322978D50D004DDCE4 /* Products */;
			projectDirPath = "";
			projectRoot = "";
			targets = (
				92B73F302978D50D004DDCE4 /* WorkoutTracker_v2 */,
			);
		};
/* End PBXProject section */

/* Begin PBXResourcesBuildPhase section */
		92B73F2F2978D50D004DDCE4 /* Resources */ = {
			isa = PBXResourcesBuildPhase;
			buildActionMask = 2147483647;
			files = (
				92B73F3C2978D510004DDCE4 /* Preview Assets.xcassets in Resources */,
				924F7B7F2983681A0041E641 /* databases in Resources */,
				92B73F392978D510004DDCE4 /* Assets.xcassets in Resources */,
			);
			runOnlyForDeploymentPostprocessing = 0;
		};
/* End PBXResourcesBuildPhase section */

/* Begin PBXSourcesBuildPhase section */
		92B73F2D2978D50D004DDCE4 /* Sources */ = {
			isa = PBXSourcesBuildPhase;
			buildActionMask = 2147483647;
			files = (
				9249FB92298EFF17008B8A10 /* ExerciseDropDownViewModel.swift in Sources */,
				92CEF2E42999550B00ED5DBA /* Color+Ext.swift in Sources */,
				9249FB8A298DFCFF008B8A10 /* TextBindingManager.swift in Sources */,
				924F7B812983684D0041E641 /* DbManager.swift in Sources */,
				924F7B7B297DFA230041E641 /* ExercisesView.swift in Sources */,
				92B73F372978D50D004DDCE4 /* WorkoutTrackerTabView.swift in Sources */,
				92B73F432978D585004DDCE4 /* WorkoutsView.swift in Sources */,
				924F7B832983726D0041E641 /* WorkoutsViewModel.swift in Sources */,
				9249FB90298EFD31008B8A10 /* ExercisesViewModel.swift in Sources */,
				92B73F352978D50D004DDCE4 /* WorkoutTracker_v2App.swift in Sources */,
				92B73F452978DE9C004DDCE4 /* XDismissButton.swift in Sources */,
				9249FB8C298EE8BF008B8A10 /* ExerciseListDropDownView.swift in Sources */,
				924F7B79297DE97E0041E641 /* WorkoutView.swift in Sources */,
			);
			runOnlyForDeploymentPostprocessing = 0;
		};
/* End PBXSourcesBuildPhase section */

/* Begin XCBuildConfiguration section */
		92B73F3D2978D510004DDCE4 /* Debug */ = {
			isa = XCBuildConfiguration;
			buildSettings = {
				ALWAYS_SEARCH_USER_PATHS = NO;
				CLANG_ANALYZER_NONNULL = YES;
				CLANG_ANALYZER_NUMBER_OBJECT_CONVERSION = YES_AGGRESSIVE;
				CLANG_CXX_LANGUAGE_STANDARD = "gnu++20";
				CLANG_ENABLE_MODULES = YES;
				CLANG_ENABLE_OBJC_ARC = YES;
				CLANG_ENABLE_OBJC_WEAK = YES;
				CLANG_WARN_BLOCK_CAPTURE_AUTORELEASING = YES;
				CLANG_WARN_BOOL_CONVERSION = YES;
				CLANG_WARN_COMMA = YES;
				CLANG_WARN_CONSTANT_CONVERSION = YES;
				CLANG_WARN_DEPRECATED_OBJC_IMPLEMENTATIONS = YES;
				CLANG_WARN_DIRECT_OBJC_ISA_USAGE = YES_ERROR;
				CLANG_WARN_DOCUMENTATION_COMMENTS = YES;
				CLANG_WARN_EMPTY_BODY = YES;
				CLANG_WARN_ENUM_CONVERSION = YES;
				CLANG_WARN_INFINITE_RECURSION = YES;
				CLANG_WARN_INT_CONVERSION = YES;
				CLANG_WARN_NON_LITERAL_NULL_CONVERSION = YES;
				CLANG_WARN_OBJC_IMPLICIT_RETAIN_SELF = YES;
				CLANG_WARN_OBJC_LITERAL_CONVERSION = YES;
				CLANG_WARN_OBJC_ROOT_CLASS = YES_ERROR;
				CLANG_WARN_QUOTED_INCLUDE_IN_FRAMEWORK_HEADER = YES;
				CLANG_WARN_RANGE_LOOP_ANALYSIS = YES;
				CLANG_WARN_STRICT_PROTOTYPES = YES;
				CLANG_WARN_SUSPICIOUS_MOVE = YES;
				CLANG_WARN_UNGUARDED_AVAILABILITY = YES_AGGRESSIVE;
				CLANG_WARN_UNREACHABLE_CODE = YES;
				CLANG_WARN__DUPLICATE_METHOD_MATCH = YES;
				COPY_PHASE_STRIP = NO;
				DEBUG_INFORMATION_FORMAT = dwarf;
				ENABLE_STRICT_OBJC_MSGSEND = YES;
				ENABLE_TESTABILITY = YES;
				GCC_C_LANGUAGE_STANDARD = gnu11;
				GCC_DYNAMIC_NO_PIC = NO;
				GCC_NO_COMMON_BLOCKS = YES;
				GCC_OPTIMIZATION_LEVEL = 0;
				GCC_PREPROCESSOR_DEFINITIONS = (
					"DEBUG=1",
					"$(inherited)",
				);
				GCC_WARN_64_TO_32_BIT_CONVERSION = YES;
				GCC_WARN_ABOUT_RETURN_TYPE = YES_ERROR;
				GCC_WARN_UNDECLARED_SELECTOR = YES;
				GCC_WARN_UNINITIALIZED_AUTOS = YES_AGGRESSIVE;
				GCC_WARN_UNUSED_FUNCTION = YES;
				GCC_WARN_UNUSED_VARIABLE = YES;
				IPHONEOS_DEPLOYMENT_TARGET = 16.1;
				MTL_ENABLE_DEBUG_INFO = INCLUDE_SOURCE;
				MTL_FAST_MATH = YES;
				ONLY_ACTIVE_ARCH = YES;
				SDKROOT = iphoneos;
				SWIFT_ACTIVE_COMPILATION_CONDITIONS = DEBUG;
				SWIFT_OPTIMIZATION_LEVEL = "-Onone";
			};
			name = Debug;
		};
		92B73F3E2978D510004DDCE4 /* Release */ = {
			isa = XCBuildConfiguration;
			buildSettings = {
				ALWAYS_SEARCH_USER_PATHS = NO;
				CLANG_ANALYZER_NONNULL = YES;
				CLANG_ANALYZER_NUMBER_OBJECT_CONVERSION = YES_AGGRESSIVE;
				CLANG_CXX_LANGUAGE_STANDARD = "gnu++20";
				CLANG_ENABLE_MODULES = YES;
				CLANG_ENABLE_OBJC_ARC = YES;
				CLANG_ENABLE_OBJC_WEAK = YES;
				CLANG_WARN_BLOCK_CAPTURE_AUTORELEASING = YES;
				CLANG_WARN_BOOL_CONVERSION = YES;
				CLANG_WARN_COMMA = YES;
				CLANG_WARN_CONSTANT_CONVERSION = YES;
				CLANG_WARN_DEPRECATED_OBJC_IMPLEMENTATIONS = YES;
				CLANG_WARN_DIRECT_OBJC_ISA_USAGE = YES_ERROR;
				CLANG_WARN_DOCUMENTATION_COMMENTS = YES;
				CLANG_WARN_EMPTY_BODY = YES;
				CLANG_WARN_ENUM_CONVERSION = YES;
				CLANG_WARN_INFINITE_RECURSION = YES;
				CLANG_WARN_INT_CONVERSION = YES;
				CLANG_WARN_NON_LITERAL_NULL_CONVERSION = YES;
				CLANG_WARN_OBJC_IMPLICIT_RETAIN_SELF = YES;
				CLANG_WARN_OBJC_LITERAL_CONVERSION = YES;
				CLANG_WARN_OBJC_ROOT_CLASS = YES_ERROR;
				CLANG_WARN_QUOTED_INCLUDE_IN_FRAMEWORK_HEADER = YES;
				CLANG_WARN_RANGE_LOOP_ANALYSIS = YES;
				CLANG_WARN_STRICT_PROTOTYPES = YES;
				CLANG_WARN_SUSPICIOUS_MOVE = YES;
				CLANG_WARN_UNGUARDED_AVAILABILITY = YES_AGGRESSIVE;
				CLANG_WARN_UNREACHABLE_CODE = YES;
				CLANG_WARN__DUPLICATE_METHOD_MATCH = YES;
				COPY_PHASE_STRIP = NO;
				DEBUG_INFORMATION_FORMAT = "dwarf-with-dsym";
				ENABLE_NS_ASSERTIONS = NO;
				ENABLE_STRICT_OBJC_MSGSEND = YES;
				GCC_C_LANGUAGE_STANDARD = gnu11;
				GCC_NO_COMMON_BLOCKS = YES;
				GCC_WARN_64_TO_32_BIT_CONVERSION = YES;
				GCC_WARN_ABOUT_RETURN_TYPE = YES_ERROR;
				GCC_WARN_UNDECLARED_SELECTOR = YES;
				GCC_WARN_UNINITIALIZED_AUTOS = YES_AGGRESSIVE;
				GCC_WARN_UNUSED_FUNCTION = YES;
				GCC_WARN_UNUSED_VARIABLE = YES;
				IPHONEOS_DEPLOYMENT_TARGET = 16.1;
				MTL_ENABLE_DEBUG_INFO = NO;
				MTL_FAST_MATH = YES;
				SDKROOT = iphoneos;
				SWIFT_COMPILATION_MODE = wholemodule;
				SWIFT_OPTIMIZATION_LEVEL = "-O";
				VALIDATE_PRODUCT = YES;
			};
			name = Release;
		};
		92B73F402978D510004DDCE4 /* Debug */ = {
			isa = XCBuildConfiguration;
			buildSettings = {
				ASSETCATALOG_COMPILER_APPICON_NAME = AppIcon;
				ASSETCATALOG_COMPILER_GLOBAL_ACCENT_COLOR_NAME = AccentColor;
				CODE_SIGN_STYLE = Automatic;
				CURRENT_PROJECT_VERSION = 1;
				DEVELOPMENT_ASSET_PATHS = "\"WorkoutTracker_v2/Preview Content\"";
				DEVELOPMENT_TEAM = N7HAUF9TT9;
				ENABLE_PREVIEWS = YES;
				GENERATE_INFOPLIST_FILE = YES;
				INFOPLIST_KEY_UIApplicationSceneManifest_Generation = YES;
				INFOPLIST_KEY_UIApplicationSupportsIndirectInputEvents = YES;
				INFOPLIST_KEY_UILaunchScreen_Generation = YES;
				INFOPLIST_KEY_UISupportedInterfaceOrientations_iPad = "UIInterfaceOrientationPortrait UIInterfaceOrientationPortraitUpsideDown UIInterfaceOrientationLandscapeLeft UIInterfaceOrientationLandscapeRight";
				INFOPLIST_KEY_UISupportedInterfaceOrientations_iPhone = "UIInterfaceOrientationPortrait UIInterfaceOrientationLandscapeLeft UIInterfaceOrientationLandscapeRight";
				LD_RUNPATH_SEARCH_PATHS = (
					"$(inherited)",
					"@executable_path/Frameworks",
				);
				MARKETING_VERSION = 1.0;
				PRODUCT_BUNDLE_IDENTIFIER = "com.acianfrocco.WorkoutTracker-v2";
				PRODUCT_NAME = "$(TARGET_NAME)";
				SWIFT_EMIT_LOC_STRINGS = YES;
				SWIFT_VERSION = 5.0;
				TARGETED_DEVICE_FAMILY = "1,2";
			};
			name = Debug;
		};
		92B73F412978D510004DDCE4 /* Release */ = {
			isa = XCBuildConfiguration;
			buildSettings = {
				ASSETCATALOG_COMPILER_APPICON_NAME = AppIcon;
				ASSETCATALOG_COMPILER_GLOBAL_ACCENT_COLOR_NAME = AccentColor;
				CODE_SIGN_STYLE = Automatic;
				CURRENT_PROJECT_VERSION = 1;
				DEVELOPMENT_ASSET_PATHS = "\"WorkoutTracker_v2/Preview Content\"";
				DEVELOPMENT_TEAM = N7HAUF9TT9;
				ENABLE_PREVIEWS = YES;
				GENERATE_INFOPLIST_FILE = YES;
				INFOPLIST_KEY_UIApplicationSceneManifest_Generation = YES;
				INFOPLIST_KEY_UIApplicationSupportsIndirectInputEvents = YES;
				INFOPLIST_KEY_UILaunchScreen_Generation = YES;
				INFOPLIST_KEY_UISupportedInterfaceOrientations_iPad = "UIInterfaceOrientationPortrait UIInterfaceOrientationPortraitUpsideDown UIInterfaceOrientationLandscapeLeft UIInterfaceOrientationLandscapeRight";
				INFOPLIST_KEY_UISupportedInterfaceOrientations_iPhone = "UIInterfaceOrientationPortrait UIInterfaceOrientationLandscapeLeft UIInterfaceOrientationLandscapeRight";
				LD_RUNPATH_SEARCH_PATHS = (
					"$(inherited)",
					"@executable_path/Frameworks",
				);
				MARKETING_VERSION = 1.0;
				PRODUCT_BUNDLE_IDENTIFIER = "com.acianfrocco.WorkoutTracker-v2";
				PRODUCT_NAME = "$(TARGET_NAME)";
				SWIFT_EMIT_LOC_STRINGS = YES;
				SWIFT_VERSION = 5.0;
				TARGETED_DEVICE_FAMILY = "1,2";
			};
			name = Release;
		};
/* End XCBuildConfiguration section */

/* Begin XCConfigurationList section */
		92B73F2C2978D50D004DDCE4 /* Build configuration list for PBXProject "WorkoutTracker_v2" */ = {
			isa = XCConfigurationList;
			buildConfigurations = (
				92B73F3D2978D510004DDCE4 /* Debug */,
				92B73F3E2978D510004DDCE4 /* Release */,
			);
			defaultConfigurationIsVisible = 0;
			defaultConfigurationName = Release;
		};
		92B73F3F2978D510004DDCE4 /* Build configuration list for PBXNativeTarget "WorkoutTracker_v2" */ = {
			isa = XCConfigurationList;
			buildConfigurations = (
				92B73F402978D510004DDCE4 /* Debug */,
				92B73F412978D510004DDCE4 /* Release */,
			);
			defaultConfigurationIsVisible = 0;
			defaultConfigurationName = Release;
		};
/* End XCConfigurationList section */
	};
	rootObject = 92B73F292978D50D004DDCE4 /* Project object */;
}
